
Microsoft Visual Studio Solution File, Format Version 12.00
# Visual Studio Version 16
VisualStudioVersion = 16.0.31613.86
MinimumVisualStudioVersion = 10.0.40219.1
Project("{FAE04EC0-301F-11D3-BF4B-00C04F79EFBC}") = "firstProgram", "firstProgram.csproj", "{3680652F-44EF-4598-9C67-038ACFAF8AFE}"
EndProject
Global
	GlobalSection(SolutionConfigurationPlatforms) = preSolution
		Debug|Any CPU = Debug|Any CPU
		Release|Any CPU = Release|Any CPU
	EndGlobalSection
	GlobalSection(ProjectConfigurationPlatforms) = postSolution
		{3680652F-44EF-4598-9C67-038ACFAF8AFE}.Debug|Any CPU.ActiveCfg = Debug|Any CPU
		{3680652F-44EF-4598-9C67-038ACFAF8AFE}.Debug|Any CPU.Build.0 = Debug|Any CPU
		{3680652F-44EF-4598-9C67-038ACFAF8AFE}.Release|Any CPU.ActiveCfg = Release|Any CPU
		{3680652F-44EF-4598-9C67-038ACFAF8AFE}.Release|Any CPU.Build.0 = Release|Any CPU
	EndGlobalSection
	GlobalSection(SolutionProperties) = preSolution
		HideSolutionNode = FALSE
	EndGlobalSection
	GlobalSection(ExtensibilityGlobals) = postSolution
		SolutionGuid = {20E12280-DCB9-4985-B0A1-4E6CEB32FE4D}
	EndGlobalSection
EndGlobal
