
Microsoft Visual Studio Solution File, Format Version 12.00
# Visual Studio Version 16
VisualStudioVersion = 16.0.31613.86
MinimumVisualStudioVersion = 10.0.40219.1
Project("{FAE04EC0-301F-11D3-BF4B-00C04F79EFBC}") = "myFirstProgram", "myFirstProgram.csproj", "{1933BFA8-3B6F-4624-8A1A-3E735F422001}"
EndProject
Global
	GlobalSection(SolutionConfigurationPlatforms) = preSolution
		Debug|Any CPU = Debug|Any CPU
		Release|Any CPU = Release|Any CPU
	EndGlobalSection
	GlobalSection(ProjectConfigurationPlatforms) = postSolution
		{1933BFA8-3B6F-4624-8A1A-3E735F422001}.Debug|Any CPU.ActiveCfg = Debug|Any CPU
		{1933BFA8-3B6F-4624-8A1A-3E735F422001}.Debug|Any CPU.Build.0 = Debug|Any CPU
		{1933BFA8-3B6F-4624-8A1A-3E735F422001}.Release|Any CPU.ActiveCfg = Release|Any CPU
		{1933BFA8-3B6F-4624-8A1A-3E735F422001}.Release|Any CPU.Build.0 = Release|Any CPU
	EndGlobalSection
	GlobalSection(SolutionProperties) = preSolution
		HideSolutionNode = FALSE
	EndGlobalSection
	GlobalSection(ExtensibilityGlobals) = postSolution
		SolutionGuid = {4E859BC2-FC25-4682-BCA9-CC3F032235DB}
	EndGlobalSection
EndGlobal
